
Microsoft Visual Studio Solution File, Format Version 12.00
# Visual Studio Version 16
VisualStudioVersion = 16.0.31321.278
MinimumVisualStudioVersion = 10.0.40219.1
Project("{FAE04EC0-301F-11D3-BF4B-00C04F79EFBC}") = "Calculator", "Calculator\Calculator.csproj", "{D0D1C306-64DB-40F3-AABE-3058B027DF62}"
EndProject
Global
	GlobalSection(SolutionConfigurationPlatforms) = preSolution
		Debug|Any CPU = Debug|Any CPU
		Release|Any CPU = Release|Any CPU
	EndGlobalSection
	GlobalSection(ProjectConfigurationPlatforms) = postSolution
		{D0D1C306-64DB-40F3-AABE-3058B027DF62}.Debug|Any CPU.ActiveCfg = Debug|Any CPU
		{D0D1C306-64DB-40F3-AABE-3058B027DF62}.Debug|Any CPU.Build.0 = Debug|Any CPU
		{D0D1C306-64DB-40F3-AABE-3058B027DF62}.Release|Any CPU.ActiveCfg = Release|Any CPU
		{D0D1C306-64DB-40F3-AABE-3058B027DF62}.Release|Any CPU.Build.0 = Release|Any CPU
	EndGlobalSection
	GlobalSection(SolutionProperties) = preSolution
		HideSolutionNode = FALSE
	EndGlobalSection
	GlobalSection(ExtensibilityGlobals) = postSolution
		SolutionGuid = {453CAF24-F7CB-4AF0-A436-7708898F150F}
	EndGlobalSection
EndGlobal
